
Microsoft Visual Studio Solution File, Format Version 12.00
# Visual Studio Version 17
VisualStudioVersion = 17.5.33414.496
MinimumVisualStudioVersion = 10.0.40219.1
Project("{FAE04EC0-301F-11D3-BF4B-00C04F79EFBC}") = "Day 2 question 02", "Day 2 question 02\Day 2 question 02.csproj", "{2B28D4F4-9044-4184-8586-A667865FB333}"
EndProject
Global
	GlobalSection(SolutionConfigurationPlatforms) = preSolution
		Debug|Any CPU = Debug|Any CPU
		Release|Any CPU = Release|Any CPU
	EndGlobalSection
	GlobalSection(ProjectConfigurationPlatforms) = postSolution
		{2B28D4F4-9044-4184-8586-A667865FB333}.Debug|Any CPU.ActiveCfg = Debug|Any CPU
		{2B28D4F4-9044-4184-8586-A667865FB333}.Debug|Any CPU.Build.0 = Debug|Any CPU
		{2B28D4F4-9044-4184-8586-A667865FB333}.Release|Any CPU.ActiveCfg = Release|Any CPU
		{2B28D4F4-9044-4184-8586-A667865FB333}.Release|Any CPU.Build.0 = Release|Any CPU
	EndGlobalSection
	GlobalSection(SolutionProperties) = preSolution
		HideSolutionNode = FALSE
	EndGlobalSection
	GlobalSection(ExtensibilityGlobals) = postSolution
		SolutionGuid = {F48AB272-F17D-45CE-863A-66E1384C89FA}
	EndGlobalSection
EndGlobal
